
Microsoft Visual Studio Solution File, Format Version 12.00
# Visual Studio Version 17
VisualStudioVersion = 17.8.34330.188
MinimumVisualStudioVersion = 10.0.40219.1
Project("{FAE04EC0-301F-11D3-BF4B-00C04F79EFBC}") = "Plugin", "Plugin\Plugin.csproj", "{445BABFF-57F8-471D-A391-19039464CE9F}"
EndProject
Global
	GlobalSection(SolutionConfigurationPlatforms) = preSolution
		Debug|Any CPU = Debug|Any CPU
		Release|Any CPU = Release|Any CPU
	EndGlobalSection
	GlobalSection(ProjectConfigurationPlatforms) = postSolution
		{445BABFF-57F8-471D-A391-19039464CE9F}.Debug|Any CPU.ActiveCfg = Debug|Any CPU
		{445BABFF-57F8-471D-A391-19039464CE9F}.Debug|Any CPU.Build.0 = Debug|Any CPU
		{445BABFF-57F8-471D-A391-19039464CE9F}.Release|Any CPU.ActiveCfg = Release|Any CPU
		{445BABFF-57F8-471D-A391-19039464CE9F}.Release|Any CPU.Build.0 = Release|Any CPU
	EndGlobalSection
	GlobalSection(SolutionProperties) = preSolution
		HideSolutionNode = FALSE
	EndGlobalSection
	GlobalSection(ExtensibilityGlobals) = postSolution
		SolutionGuid = {934FC9D2-BC63-4AE0-B2EB-03C4C04C63ED}
	EndGlobalSection
EndGlobal
